
Microsoft Visual Studio Solution File, Format Version 12.00
# Visual Studio Version 17
VisualStudioVersion = 17.13.35806.99 d17.13
MinimumVisualStudioVersion = 10.0.40219.1
Project("{FAE04EC0-301F-11D3-BF4B-00C04F79EFBC}") = "PracticePolly.API", "PracticePolly.API\PracticePolly.API.csproj", "{CCB08DFC-2942-4801-9B75-EA2E2059C789}"
EndProject
Global
	GlobalSection(SolutionConfigurationPlatforms) = preSolution
		Debug|Any CPU = Debug|Any CPU
		Release|Any CPU = Release|Any CPU
	EndGlobalSection
	GlobalSection(ProjectConfigurationPlatforms) = postSolution
		{CCB08DFC-2942-4801-9B75-EA2E2059C789}.Debug|Any CPU.ActiveCfg = Debug|Any CPU
		{CCB08DFC-2942-4801-9B75-EA2E2059C789}.Debug|Any CPU.Build.0 = Debug|Any CPU
		{CCB08DFC-2942-4801-9B75-EA2E2059C789}.Release|Any CPU.ActiveCfg = Release|Any CPU
		{CCB08DFC-2942-4801-9B75-EA2E2059C789}.Release|Any CPU.Build.0 = Release|Any CPU
	EndGlobalSection
	GlobalSection(SolutionProperties) = preSolution
		HideSolutionNode = FALSE
	EndGlobalSection
	GlobalSection(ExtensibilityGlobals) = postSolution
		SolutionGuid = {781FD8FB-3071-4AB9-8D2A-5686E782F4CD}
	EndGlobalSection
EndGlobal
